
Microsoft Visual Studio Solution File, Format Version 12.00
# Visual Studio Version 17
VisualStudioVersion = 17.1.32210.238
MinimumVisualStudioVersion = 10.0.40219.1
Project("{FAE04EC0-301F-11D3-BF4B-00C04F79EFBC}") = "ScavengerHunt", "ScavengerHunt\ScavengerHunt.csproj", "{501BD123-4DE3-4ED5-8AF4-F38E106A1603}"
EndProject
Global
	GlobalSection(SolutionConfigurationPlatforms) = preSolution
		Debug|Any CPU = Debug|Any CPU
		Release|Any CPU = Release|Any CPU
	EndGlobalSection
	GlobalSection(ProjectConfigurationPlatforms) = postSolution
		{501BD123-4DE3-4ED5-8AF4-F38E106A1603}.Debug|Any CPU.ActiveCfg = Debug|Any CPU
		{501BD123-4DE3-4ED5-8AF4-F38E106A1603}.Debug|Any CPU.Build.0 = Debug|Any CPU
		{501BD123-4DE3-4ED5-8AF4-F38E106A1603}.Release|Any CPU.ActiveCfg = Release|Any CPU
		{501BD123-4DE3-4ED5-8AF4-F38E106A1603}.Release|Any CPU.Build.0 = Release|Any CPU
	EndGlobalSection
	GlobalSection(SolutionProperties) = preSolution
		HideSolutionNode = FALSE
	EndGlobalSection
	GlobalSection(ExtensibilityGlobals) = postSolution
		SolutionGuid = {C11BE1F2-6155-4983-B108-A86AEAD4A6D7}
	EndGlobalSection
EndGlobal
